
Microsoft Visual Studio Solution File, Format Version 12.00
# Visual Studio Version 17
VisualStudioVersion = 17.6.33815.320
MinimumVisualStudioVersion = 10.0.40219.1
Project("{FAE04EC0-301F-11D3-BF4B-00C04F79EFBC}") = "CoreLogic", "CoreLogic\CoreLogic.csproj", "{A0B7B595-7BF6-4FAE-838D-D813A419E7CF}"
EndProject
Project("{FAE04EC0-301F-11D3-BF4B-00C04F79EFBC}") = "CoreTest", "CoreTest\CoreTest.csproj", "{A74FDFFB-C4C7-4C93-B234-F69E93A3F204}"
EndProject
Project("{FAE04EC0-301F-11D3-BF4B-00C04F79EFBC}") = "WebApp", "WebApp\WebApp.csproj", "{7BD816E2-62BA-4064-B7A3-2DBC250B6BC5}"
EndProject
Global
	GlobalSection(SolutionConfigurationPlatforms) = preSolution
		Debug|Any CPU = Debug|Any CPU
		Release|Any CPU = Release|Any CPU
	EndGlobalSection
	GlobalSection(ProjectConfigurationPlatforms) = postSolution
		{A0B7B595-7BF6-4FAE-838D-D813A419E7CF}.Debug|Any CPU.ActiveCfg = Debug|Any CPU
		{A0B7B595-7BF6-4FAE-838D-D813A419E7CF}.Debug|Any CPU.Build.0 = Debug|Any CPU
		{A0B7B595-7BF6-4FAE-838D-D813A419E7CF}.Release|Any CPU.ActiveCfg = Release|Any CPU
		{A0B7B595-7BF6-4FAE-838D-D813A419E7CF}.Release|Any CPU.Build.0 = Release|Any CPU
		{A74FDFFB-C4C7-4C93-B234-F69E93A3F204}.Debug|Any CPU.ActiveCfg = Debug|Any CPU
		{A74FDFFB-C4C7-4C93-B234-F69E93A3F204}.Debug|Any CPU.Build.0 = Debug|Any CPU
		{A74FDFFB-C4C7-4C93-B234-F69E93A3F204}.Release|Any CPU.ActiveCfg = Release|Any CPU
		{A74FDFFB-C4C7-4C93-B234-F69E93A3F204}.Release|Any CPU.Build.0 = Release|Any CPU
		{7BD816E2-62BA-4064-B7A3-2DBC250B6BC5}.Debug|Any CPU.ActiveCfg = Debug|Any CPU
		{7BD816E2-62BA-4064-B7A3-2DBC250B6BC5}.Debug|Any CPU.Build.0 = Debug|Any CPU
		{7BD816E2-62BA-4064-B7A3-2DBC250B6BC5}.Release|Any CPU.ActiveCfg = Release|Any CPU
		{7BD816E2-62BA-4064-B7A3-2DBC250B6BC5}.Release|Any CPU.Build.0 = Release|Any CPU
	EndGlobalSection
	GlobalSection(SolutionProperties) = preSolution
		HideSolutionNode = FALSE
	EndGlobalSection
	GlobalSection(ExtensibilityGlobals) = postSolution
		SolutionGuid = {55D1F7DA-449E-43BF-9DB7-1CCC3D79F992}
	EndGlobalSection
EndGlobal
